
Microsoft Visual Studio Solution File, Format Version 12.00
# Visual Studio 15
VisualStudioVersion = 15.0.27130.2027
MinimumVisualStudioVersion = 10.0.40219.1
Project("{FAE04EC0-301F-11D3-BF4B-00C04F79EFBC}") = "TCPServerLib", "TCPServerLib\TCPServerLib.csproj", "{CA11E473-04B6-435F-A051-09BF06533E9B}"
EndProject
Global
	GlobalSection(SolutionConfigurationPlatforms) = preSolution
		Debug|Any CPU = Debug|Any CPU
		Release|Any CPU = Release|Any CPU
	EndGlobalSection
	GlobalSection(ProjectConfigurationPlatforms) = postSolution
		{CA11E473-04B6-435F-A051-09BF06533E9B}.Debug|Any CPU.ActiveCfg = Debug|Any CPU
		{CA11E473-04B6-435F-A051-09BF06533E9B}.Debug|Any CPU.Build.0 = Debug|Any CPU
		{CA11E473-04B6-435F-A051-09BF06533E9B}.Release|Any CPU.ActiveCfg = Release|Any CPU
		{CA11E473-04B6-435F-A051-09BF06533E9B}.Release|Any CPU.Build.0 = Release|Any CPU
	EndGlobalSection
	GlobalSection(SolutionProperties) = preSolution
		HideSolutionNode = FALSE
	EndGlobalSection
	GlobalSection(ExtensibilityGlobals) = postSolution
		SolutionGuid = {B2FAFAD7-3111-4444-9ECF-EBDB79D0D5F3}
	EndGlobalSection
EndGlobal
