
Microsoft Visual Studio Solution File, Format Version 12.00
# Visual Studio 15
VisualStudioVersion = 15.0.27130.2027
MinimumVisualStudioVersion = 10.0.40219.1
Project("{FAE04EC0-301F-11D3-BF4B-00C04F79EFBC}") = "BattleshipsServer", "BattleshipsServer\BattleshipsServer.csproj", "{DFFFE9B4-0DB5-47A0-90C8-EA4D9B8B074B}"
EndProject
Global
	GlobalSection(SolutionConfigurationPlatforms) = preSolution
		Debug|Any CPU = Debug|Any CPU
		Release|Any CPU = Release|Any CPU
	EndGlobalSection
	GlobalSection(ProjectConfigurationPlatforms) = postSolution
		{DFFFE9B4-0DB5-47A0-90C8-EA4D9B8B074B}.Debug|Any CPU.ActiveCfg = Debug|Any CPU
		{DFFFE9B4-0DB5-47A0-90C8-EA4D9B8B074B}.Debug|Any CPU.Build.0 = Debug|Any CPU
		{DFFFE9B4-0DB5-47A0-90C8-EA4D9B8B074B}.Release|Any CPU.ActiveCfg = Release|Any CPU
		{DFFFE9B4-0DB5-47A0-90C8-EA4D9B8B074B}.Release|Any CPU.Build.0 = Release|Any CPU
	EndGlobalSection
	GlobalSection(SolutionProperties) = preSolution
		HideSolutionNode = FALSE
	EndGlobalSection
	GlobalSection(ExtensibilityGlobals) = postSolution
		SolutionGuid = {B2FAFAD7-3111-4444-9ECF-EBDB79D0D5F3}
	EndGlobalSection
EndGlobal
